
Microsoft Visual Studio Solution File, Format Version 12.00
# Visual Studio Version 16
VisualStudioVersion = 16.0.31402.337
MinimumVisualStudioVersion = 10.0.40219.1
Project("{9A19103F-16F7-4668-BE54-9A1E7A4F7556}") = "lab8", "lab8.csproj", "{054128A6-4441-404B-A591-CE550B21B210}"
EndProject
Global
	GlobalSection(SolutionConfigurationPlatforms) = preSolution
		Debug|Any CPU = Debug|Any CPU
		Release|Any CPU = Release|Any CPU
	EndGlobalSection
	GlobalSection(ProjectConfigurationPlatforms) = postSolution
		{054128A6-4441-404B-A591-CE550B21B210}.Debug|Any CPU.ActiveCfg = Debug|Any CPU
		{054128A6-4441-404B-A591-CE550B21B210}.Debug|Any CPU.Build.0 = Debug|Any CPU
		{054128A6-4441-404B-A591-CE550B21B210}.Release|Any CPU.ActiveCfg = Release|Any CPU
		{054128A6-4441-404B-A591-CE550B21B210}.Release|Any CPU.Build.0 = Release|Any CPU
	EndGlobalSection
	GlobalSection(SolutionProperties) = preSolution
		HideSolutionNode = FALSE
	EndGlobalSection
	GlobalSection(ExtensibilityGlobals) = postSolution
		SolutionGuid = {3A1C9E9B-988E-411B-A465-C88303A42FB5}
	EndGlobalSection
EndGlobal
